
Microsoft Visual Studio Solution File, Format Version 12.00
# Visual Studio Version 17
VisualStudioVersion = 17.12.35707.178
MinimumVisualStudioVersion = 10.0.40219.1
Project("{2150E333-8FDC-42A3-9474-1A3956D46DE8}") = "src", "src", "{2F0E102B-EB33-4025-BE56-7B8F9D2C4B8A}"
EndProject
Project("{2150E333-8FDC-42A3-9474-1A3956D46DE8}") = "test", "test", "{F994C269-55BA-44F0-9DA7-6D5A3CFA79EB}"
EndProject
Project("{FAE04EC0-301F-11D3-BF4B-00C04F79EFBC}") = "OData2Linq", "src\OData2Linq\OData2Linq.csproj", "{568A35C2-8677-41C6-9098-3AEF23286A9E}"
EndProject
Project("{FAE04EC0-301F-11D3-BF4B-00C04F79EFBC}") = "OData2Linq.Tests", "test\OData2Linq.Tests\OData2Linq.Tests.csproj", "{E7F48129-7544-4D85-ABE1-4CB037E1C780}"
EndProject
Project("{FAE04EC0-301F-11D3-BF4B-00C04F79EFBC}") = "OData2Linq.Benchmark", "test\OData2Linq.Benchmark\OData2Linq.Benchmark.csproj", "{11B8ED5C-E54C-46A4-A5A7-E880E5EC634E}"
EndProject
Global
	GlobalSection(SolutionConfigurationPlatforms) = preSolution
		Debug|Any CPU = Debug|Any CPU
		Release|Any CPU = Release|Any CPU
	EndGlobalSection
	GlobalSection(ProjectConfigurationPlatforms) = postSolution
		{568A35C2-8677-41C6-9098-3AEF23286A9E}.Debug|Any CPU.ActiveCfg = Debug|Any CPU
		{568A35C2-8677-41C6-9098-3AEF23286A9E}.Debug|Any CPU.Build.0 = Debug|Any CPU
		{568A35C2-8677-41C6-9098-3AEF23286A9E}.Release|Any CPU.ActiveCfg = Release|Any CPU
		{568A35C2-8677-41C6-9098-3AEF23286A9E}.Release|Any CPU.Build.0 = Release|Any CPU
		{E7F48129-7544-4D85-ABE1-4CB037E1C780}.Debug|Any CPU.ActiveCfg = Debug|Any CPU
		{E7F48129-7544-4D85-ABE1-4CB037E1C780}.Debug|Any CPU.Build.0 = Debug|Any CPU
		{E7F48129-7544-4D85-ABE1-4CB037E1C780}.Release|Any CPU.ActiveCfg = Release|Any CPU
		{E7F48129-7544-4D85-ABE1-4CB037E1C780}.Release|Any CPU.Build.0 = Release|Any CPU
		{11B8ED5C-E54C-46A4-A5A7-E880E5EC634E}.Debug|Any CPU.ActiveCfg = Debug|Any CPU
		{11B8ED5C-E54C-46A4-A5A7-E880E5EC634E}.Debug|Any CPU.Build.0 = Debug|Any CPU
		{11B8ED5C-E54C-46A4-A5A7-E880E5EC634E}.Release|Any CPU.ActiveCfg = Release|Any CPU
		{11B8ED5C-E54C-46A4-A5A7-E880E5EC634E}.Release|Any CPU.Build.0 = Release|Any CPU
	EndGlobalSection
	GlobalSection(SolutionProperties) = preSolution
		HideSolutionNode = FALSE
	EndGlobalSection
	GlobalSection(NestedProjects) = preSolution
		{568A35C2-8677-41C6-9098-3AEF23286A9E} = {2F0E102B-EB33-4025-BE56-7B8F9D2C4B8A}
		{E7F48129-7544-4D85-ABE1-4CB037E1C780} = {F994C269-55BA-44F0-9DA7-6D5A3CFA79EB}
		{11B8ED5C-E54C-46A4-A5A7-E880E5EC634E} = {F994C269-55BA-44F0-9DA7-6D5A3CFA79EB}
	EndGlobalSection
	GlobalSection(ExtensibilityGlobals) = postSolution
		SolutionGuid = {540C9752-AAC0-49EA-BA60-78490C90FF86}
	EndGlobalSection
EndGlobal
